
Microsoft Visual Studio Solution File, Format Version 12.00
# Visual Studio Version 17
VisualStudioVersion = 17.2.32602.215
MinimumVisualStudioVersion = 10.0.40219.1
Project("{FAE04EC0-301F-11D3-BF4B-00C04F79EFBC}") = "BillB0ard-API", "BillB0ard-API.csproj", "{CC4AC6D7-8720-44C2-B64B-2A160E20186B}"
EndProject
Project("{FAE04EC0-301F-11D3-BF4B-00C04F79EFBC}") = "BillB0ard-API.Test", "..\BillB0ard-API.Test\BillB0ard-API.Test.csproj", "{565F8E75-7B25-4A0F-8476-43C854DED504}"
EndProject
Global
	GlobalSection(SolutionConfigurationPlatforms) = preSolution
		Debug|Any CPU = Debug|Any CPU
		Release|Any CPU = Release|Any CPU
	EndGlobalSection
	GlobalSection(ProjectConfigurationPlatforms) = postSolution
		{CC4AC6D7-8720-44C2-B64B-2A160E20186B}.Debug|Any CPU.ActiveCfg = Debug|Any CPU
		{CC4AC6D7-8720-44C2-B64B-2A160E20186B}.Debug|Any CPU.Build.0 = Debug|Any CPU
		{CC4AC6D7-8720-44C2-B64B-2A160E20186B}.Release|Any CPU.ActiveCfg = Release|Any CPU
		{CC4AC6D7-8720-44C2-B64B-2A160E20186B}.Release|Any CPU.Build.0 = Release|Any CPU
		{565F8E75-7B25-4A0F-8476-43C854DED504}.Debug|Any CPU.ActiveCfg = Debug|Any CPU
		{565F8E75-7B25-4A0F-8476-43C854DED504}.Debug|Any CPU.Build.0 = Debug|Any CPU
		{565F8E75-7B25-4A0F-8476-43C854DED504}.Release|Any CPU.ActiveCfg = Release|Any CPU
		{565F8E75-7B25-4A0F-8476-43C854DED504}.Release|Any CPU.Build.0 = Release|Any CPU
	EndGlobalSection
	GlobalSection(SolutionProperties) = preSolution
		HideSolutionNode = FALSE
	EndGlobalSection
	GlobalSection(ExtensibilityGlobals) = postSolution
		SolutionGuid = {3BA39C12-C108-4797-898B-D70BFB537C3F}
	EndGlobalSection
EndGlobal
